// !$*UTF8*$!
{
	archiveVersion = 1;
	classes = {
	};
	objectVersion = 77;
	objects = {

/* Begin PBXBuildFile section */
		5127C7912FF4915500D1E662 /* NewsError.swift in Sources */ = {isa = PBXBuildFile; fileRef = 5127C7902FF4915500D1E662 /* NewsError.swift */; };
		5127C7932FF4925500D1E662 /* Article.swift in Sources */ = {isa = PBXBuildFile; fileRef = 5127C7922FF4925500D1E662 /* Article.swift */; };
		5127C7952FF49B2200D1E662 /* NewsResponse.swift in Sources */ = {isa = PBXBuildFile; fileRef = 5127C7942FF49B2200D1E662 /* NewsResponse.swift */; };
		5127C7972FF49B9400D1E662 /* Endpoint.swift in Sources */ = {isa = PBXBuildFile; fileRef = 5127C7962FF49B9400D1E662 /* Endpoint.swift */; };
		5127C7992FF49E7400D1E662 /* NetworkClient.swift in Sources */ = {isa = PBXBuildFile; fileRef = 5127C7982FF49E7400D1E662 /* NetworkClient.swift */; };
		5127C79B2FF49FDF00D1E662 /* NewsServiceProtocol.swift in Sources */ = {isa = PBXBuildFile; fileRef = 5127C79A2FF49FDF00D1E662 /* NewsServiceProtocol.swift */; };
		5127C79D2FF4A03900D1E662 /* LiveNewsService.swift in Sources */ = {isa = PBXBuildFile; fileRef = 5127C79C2FF4A03900D1E662 /* LiveNewsService.swift */; };
		5127C79F2FF4A12500D1E662 /* MockNewsService.swift in Sources */ = {isa = PBXBuildFile; fileRef = 5127C79E2FF4A12500D1E662 /* MockNewsService.swift */; };
		515207E02FF748B500F960FB /* CacheManager.swift in Sources */ = {isa = PBXBuildFile; fileRef = 515207DF2FF748B500F960FB /* CacheManager.swift */; };
		515207E22FF74DE300F960FB /* CachedArticle.swift in Sources */ = {isa = PBXBuildFile; fileRef = 515207E12FF74DE300F960FB /* CachedArticle.swift */; };
		515207E52FF86F4C00F960FB /* NetworkMonitor.swift in Sources */ = {isa = PBXBuildFile; fileRef = 515207E42FF86F4C00F960FB /* NetworkMonitor.swift */; };
		515207E82FF9CEF600F960FB /* ViewState.swift in Sources */ = {isa = PBXBuildFile; fileRef = 515207E72FF9CEF600F960FB /* ViewState.swift */; };
		515207EA2FF9DDE600F960FB /* LoadingState.swift in Sources */ = {isa = PBXBuildFile; fileRef = 515207E92FF9DDE600F960FB /* LoadingState.swift */; };
		515207ED2FF9E34600F960FB /* Date+Formatting.swift in Sources */ = {isa = PBXBuildFile; fileRef = 515207EC2FF9E34600F960FB /* Date+Formatting.swift */; };
		515207EF2FF9E40300F960FB /* ErrorView.swift in Sources */ = {isa = PBXBuildFile; fileRef = 515207EE2FF9E40300F960FB /* ErrorView.swift */; };
		515207F12FF9E47500F960FB /* EmptyStateView.swift in Sources */ = {isa = PBXBuildFile; fileRef = 515207F02FF9E47500F960FB /* EmptyStateView.swift */; };
		515207F32FF9E71C00F960FB /* ArticleCardView.swift in Sources */ = {isa = PBXBuildFile; fileRef = 515207F22FF9E71C00F960FB /* ArticleCardView.swift */; };
		515207F62FFA959B00F960FB /* HeadlinesViewModel.swift in Sources */ = {isa = PBXBuildFile; fileRef = 515207F52FFA959B00F960FB /* HeadlinesViewModel.swift */; };
		515207F82FFA95A900F960FB /* HeadlinesView.swift in Sources */ = {isa = PBXBuildFile; fileRef = 515207F72FFA95A900F960FB /* HeadlinesView.swift */; };
		515207FA2FFAD12000F960FB /* BookmarkedArticle.swift in Sources */ = {isa = PBXBuildFile; fileRef = 515207F92FFAD12000F960FB /* BookmarkedArticle.swift */; };
		515207FD2FFAD17100F960FB /* ArticleDetailViewModel.swift in Sources */ = {isa = PBXBuildFile; fileRef = 515207FC2FFAD17100F960FB /* ArticleDetailViewModel.swift */; };
		515208012FFAD19A00F960FB /* ArticleDetailView.swift in Sources */ = {isa = PBXBuildFile; fileRef = 515208002FFAD19A00F960FB /* ArticleDetailView.swift */; };
		515208042FFC6FDB00F960FB /* SearchViewModel.swift in Sources */ = {isa = PBXBuildFile; fileRef = 515208032FFC6FDB00F960FB /* SearchViewModel.swift */; };
		515208062FFC6FEB00F960FB /* SearchView.swift in Sources */ = {isa = PBXBuildFile; fileRef = 515208052FFC6FEB00F960FB /* SearchView.swift */; };
		51D47D4C2FF352CE006D8E01 /* Assets.xcassets in Resources */ = {isa = PBXBuildFile; fileRef = 51D47D482FF352CE006D8E01 /* Assets.xcassets */; };
		51D47D4D2FF352CE006D8E01 /* ContentView.swift in Sources */ = {isa = PBXBuildFile; fileRef = 51D47D492FF352CE006D8E01 /* ContentView.swift */; };
		51D47D4E2FF352CE006D8E01 /* NewsApp.swift in Sources */ = {isa = PBXBuildFile; fileRef = 51D47D4A2FF352CE006D8E01 /* NewsApp.swift */; };
		51D47D542FF36615006D8E01 /* Config.swift in Sources */ = {isa = PBXBuildFile; fileRef = 51D47D532FF36612006D8E01 /* Config.swift */; };
/* End PBXBuildFile section */

/* Begin PBXFileReference section */
		5127C7902FF4915500D1E662 /* NewsError.swift */ = {isa = PBXFileReference; lastKnownFileType = sourcecode.swift; path = NewsError.swift; sourceTree = "<group>"; };
		5127C7922FF4925500D1E662 /* Article.swift */ = {isa = PBXFileReference; lastKnownFileType = sourcecode.swift; path = Article.swift; sourceTree = "<group>"; };
		5127C7942FF49B2200D1E662 /* NewsResponse.swift */ = {isa = PBXFileReference; lastKnownFileType = sourcecode.swift; path = NewsResponse.swift; sourceTree = "<group>"; };
		5127C7962FF49B9400D1E662 /* Endpoint.swift */ = {isa = PBXFileReference; lastKnownFileType = sourcecode.swift; path = Endpoint.swift; sourceTree = "<group>"; };
		5127C7982FF49E7400D1E662 /* NetworkClient.swift */ = {isa = PBXFileReference; lastKnownFileType = sourcecode.swift; path = NetworkClient.swift; sourceTree = "<group>"; };
		5127C79A2FF49FDF00D1E662 /* NewsServiceProtocol.swift */ = {isa = PBXFileReference; lastKnownFileType = sourcecode.swift; path = NewsServiceProtocol.swift; sourceTree = "<group>"; };
		5127C79C2FF4A03900D1E662 /* LiveNewsService.swift */ = {isa = PBXFileReference; lastKnownFileType = sourcecode.swift; path = LiveNewsService.swift; sourceTree = "<group>"; };
		5127C79E2FF4A12500D1E662 /* MockNewsService.swift */ = {isa = PBXFileReference; lastKnownFileType = sourcecode.swift; path = MockNewsService.swift; sourceTree = "<group>"; };
		515207DF2FF748B500F960FB /* CacheManager.swift */ = {isa = PBXFileReference; lastKnownFileType = sourcecode.swift; path = CacheManager.swift; sourceTree = "<group>"; };
		515207E12FF74DE300F960FB /* CachedArticle.swift */ = {isa = PBXFileReference; lastKnownFileType = sourcecode.swift; path = CachedArticle.swift; sourceTree = "<group>"; };
		515207E42FF86F4C00F960FB /* NetworkMonitor.swift */ = {isa = PBXFileReference; lastKnownFileType = sourcecode.swift; path = NetworkMonitor.swift; sourceTree = "<group>"; };
		515207E72FF9CEF600F960FB /* ViewState.swift */ = {isa = PBXFileReference; lastKnownFileType = sourcecode.swift; path = ViewState.swift; sourceTree = "<group>"; };
		515207E92FF9DDE600F960FB /* LoadingState.swift */ = {isa = PBXFileReference; lastKnownFileType = sourcecode.swift; path = LoadingState.swift; sourceTree = "<group>"; };
		515207EC2FF9E34600F960FB /* Date+Formatting.swift */ = {isa = PBXFileReference; lastKnownFileType = sourcecode.swift; path = "Date+Formatting.swift"; sourceTree = "<group>"; };
		515207EE2FF9E40300F960FB /* ErrorView.swift */ = {isa = PBXFileReference; lastKnownFileType = sourcecode.swift; path = ErrorView.swift; sourceTree = "<group>"; };
		515207F02FF9E47500F960FB /* EmptyStateView.swift */ = {isa = PBXFileReference; lastKnownFileType = sourcecode.swift; path = EmptyStateView.swift; sourceTree = "<group>"; };
		515207F22FF9E71C00F960FB /* ArticleCardView.swift */ = {isa = PBXFileReference; lastKnownFileType = sourcecode.swift; path = ArticleCardView.swift; sourceTree = "<group>"; };
		515207F52FFA959B00F960FB /* HeadlinesViewModel.swift */ = {isa = PBXFileReference; lastKnownFileType = sourcecode.swift; path = HeadlinesViewModel.swift; sourceTree = "<group>"; };
		515207F72FFA95A900F960FB /* HeadlinesView.swift */ = {isa = PBXFileReference; lastKnownFileType = sourcecode.swift; path = HeadlinesView.swift; sourceTree = "<group>"; };
		515207F92FFAD12000F960FB /* BookmarkedArticle.swift */ = {isa = PBXFileReference; lastKnownFileType = sourcecode.swift; path = BookmarkedArticle.swift; sourceTree = "<group>"; };
		515207FC2FFAD17100F960FB /* ArticleDetailViewModel.swift */ = {isa = PBXFileReference; lastKnownFileType = sourcecode.swift; path = ArticleDetailViewModel.swift; sourceTree = "<group>"; };
		515208002FFAD19A00F960FB /* ArticleDetailView.swift */ = {isa = PBXFileReference; lastKnownFileType = sourcecode.swift; path = ArticleDetailView.swift; sourceTree = "<group>"; };
		515208032FFC6FDB00F960FB /* SearchViewModel.swift */ = {isa = PBXFileReference; lastKnownFileType = sourcecode.swift; path = SearchViewModel.swift; sourceTree = "<group>"; };
		515208052FFC6FEB00F960FB /* SearchView.swift */ = {isa = PBXFileReference; lastKnownFileType = sourcecode.swift; path = SearchView.swift; sourceTree = "<group>"; };
		51D47D382FF34C1A006D8E01 /* News.app */ = {isa = PBXFileReference; explicitFileType = wrapper.application; includeInIndex = 0; path = News.app; sourceTree = BUILT_PRODUCTS_DIR; };
		51D47D482FF352CE006D8E01 /* Assets.xcassets */ = {isa = PBXFileReference; lastKnownFileType = folder.assetcatalog; path = Assets.xcassets; sourceTree = "<group>"; };
		51D47D492FF352CE006D8E01 /* ContentView.swift */ = {isa = PBXFileReference; lastKnownFileType = sourcecode.swift; path = ContentView.swift; sourceTree = "<group>"; };
		51D47D4A2FF352CE006D8E01 /* NewsApp.swift */ = {isa = PBXFileReference; lastKnownFileType = sourcecode.swift; path = NewsApp.swift; sourceTree = "<group>"; };
		51D47D532FF36612006D8E01 /* Config.swift */ = {isa = PBXFileReference; lastKnownFileType = sourcecode.swift; path = Config.swift; sourceTree = "<group>"; };
		51D47D552FF3661A006D8E01 /* Config.example.swift */ = {isa = PBXFileReference; lastKnownFileType = sourcecode.swift; path = Config.example.swift; sourceTree = "<group>"; };
/* End PBXFileReference section */

/* Begin PBXFrameworksBuildPhase section */
		51D47D352FF34C1A006D8E01 /* Frameworks */ = {
			isa = PBXFrameworksBuildPhase;
			buildActionMask = 2147483647;
			files = (
			);
			runOnlyForDeploymentPostprocessing = 0;
		};
/* End PBXFrameworksBuildPhase section */

/* Begin PBXGroup section */
		5127C78F2FF4913F00D1E662 /* Networking */ = {
			isa = PBXGroup;
			children = (
				5127C7902FF4915500D1E662 /* NewsError.swift */,
				5127C7962FF49B9400D1E662 /* Endpoint.swift */,
				5127C7982FF49E7400D1E662 /* NetworkClient.swift */,
				5127C79A2FF49FDF00D1E662 /* NewsServiceProtocol.swift */,
				5127C79C2FF4A03900D1E662 /* LiveNewsService.swift */,
				5127C79E2FF4A12500D1E662 /* MockNewsService.swift */,
			);
			path = Networking;
			sourceTree = "<group>";
		};
		515207DE2FF748A800F960FB /* Cache */ = {
			isa = PBXGroup;
			children = (
				515207DF2FF748B500F960FB /* CacheManager.swift */,
			);
			path = Cache;
			sourceTree = "<group>";
		};
		515207E32FF86F3800F960FB /* Monitor */ = {
			isa = PBXGroup;
			children = (
				515207E42FF86F4C00F960FB /* NetworkMonitor.swift */,
			);
			path = Monitor;
			sourceTree = "<group>";
		};
		515207E62FF9CEE800F960FB /* Components */ = {
			isa = PBXGroup;
			children = (
				515207E92FF9DDE600F960FB /* LoadingState.swift */,
				515207EE2FF9E40300F960FB /* ErrorView.swift */,
				515207F02FF9E47500F960FB /* EmptyStateView.swift */,
				515207F22FF9E71C00F960FB /* ArticleCardView.swift */,
			);
			path = Components;
			sourceTree = "<group>";
		};
		515207EB2FF9E33000F960FB /* Extensions */ = {
			isa = PBXGroup;
			children = (
				515207EC2FF9E34600F960FB /* Date+Formatting.swift */,
			);
			path = Extensions;
			sourceTree = "<group>";
		};
		515207F42FFA958B00F960FB /* Headlines */ = {
			isa = PBXGroup;
			children = (
				515207F52FFA959B00F960FB /* HeadlinesViewModel.swift */,
				515207F72FFA95A900F960FB /* HeadlinesView.swift */,
			);
			path = Headlines;
			sourceTree = "<group>";
		};
		515207FB2FFAD16000F960FB /* Detail */ = {
			isa = PBXGroup;
			children = (
				515207FC2FFAD17100F960FB /* ArticleDetailViewModel.swift */,
				515208002FFAD19A00F960FB /* ArticleDetailView.swift */,
			);
			path = Detail;
			sourceTree = "<group>";
		};
		515208022FFC6FCB00F960FB /* Search */ = {
			isa = PBXGroup;
			children = (
				515208032FFC6FDB00F960FB /* SearchViewModel.swift */,
				515208052FFC6FEB00F960FB /* SearchView.swift */,
			);
			path = Search;
			sourceTree = "<group>";
		};
		51D47D2F2FF34C1A006D8E01 = {
			isa = PBXGroup;
			children = (
				51D47D4B2FF352CE006D8E01 /* News */,
				51D47D392FF34C1A006D8E01 /* Products */,
			);
			sourceTree = "<group>";
		};
		51D47D392FF34C1A006D8E01 /* Products */ = {
			isa = PBXGroup;
			children = (
				51D47D382FF34C1A006D8E01 /* News.app */,
			);
			name = Products;
			sourceTree = "<group>";
		};
		51D47D4B2FF352CE006D8E01 /* News */ = {
			isa = PBXGroup;
			children = (
				51D47D552FF3661A006D8E01 /* Config.example.swift */,
				51D47D532FF36612006D8E01 /* Config.swift */,
				51D47D512FF35302006D8E01 /* Models */,
				51D47D4F2FF352F4006D8E01 /* Features */,
				51D47D502FF352FA006D8E01 /* Core */,
				51D47D522FF363B9006D8E01 /* Shared */,
				51D47D482FF352CE006D8E01 /* Assets.xcassets */,
				51D47D492FF352CE006D8E01 /* ContentView.swift */,
				51D47D4A2FF352CE006D8E01 /* NewsApp.swift */,
			);
			path = News;
			sourceTree = "<group>";
		};
		51D47D4F2FF352F4006D8E01 /* Features */ = {
			isa = PBXGroup;
			children = (
				515208022FFC6FCB00F960FB /* Search */,
				515207F42FFA958B00F960FB /* Headlines */,
				515207FB2FFAD16000F960FB /* Detail */,
			);
			path = Features;
			sourceTree = "<group>";
		};
		51D47D502FF352FA006D8E01 /* Core */ = {
			isa = PBXGroup;
			children = (
				515207E32FF86F3800F960FB /* Monitor */,
				515207DE2FF748A800F960FB /* Cache */,
				5127C78F2FF4913F00D1E662 /* Networking */,
			);
			path = Core;
			sourceTree = "<group>";
		};
		51D47D512FF35302006D8E01 /* Models */ = {
			isa = PBXGroup;
			children = (
				5127C7922FF4925500D1E662 /* Article.swift */,
				5127C7942FF49B2200D1E662 /* NewsResponse.swift */,
				515207E12FF74DE300F960FB /* CachedArticle.swift */,
				515207F92FFAD12000F960FB /* BookmarkedArticle.swift */,
			);
			path = Models;
			sourceTree = "<group>";
		};
		51D47D522FF363B9006D8E01 /* Shared */ = {
			isa = PBXGroup;
			children = (
				515207E72FF9CEF600F960FB /* ViewState.swift */,
				515207EB2FF9E33000F960FB /* Extensions */,
				515207E62FF9CEE800F960FB /* Components */,
			);
			path = Shared;
			sourceTree = "<group>";
		};
/* End PBXGroup section */

/* Begin PBXNativeTarget section */
		51D47D372FF34C1A006D8E01 /* News */ = {
			isa = PBXNativeTarget;
			buildConfigurationList = 51D47D432FF34C1C006D8E01 /* Build configuration list for PBXNativeTarget "News" */;
			buildPhases = (
				51D47D342FF34C1A006D8E01 /* Sources */,
				51D47D352FF34C1A006D8E01 /* Frameworks */,
				51D47D362FF34C1A006D8E01 /* Resources */,
			);
			buildRules = (
			);
			dependencies = (
			);
			name = News;
			packageProductDependencies = (
			);
			productName = News;
			productReference = 51D47D382FF34C1A006D8E01 /* News.app */;
			productType = "com.apple.product-type.application";
		};
/* End PBXNativeTarget section */

/* Begin PBXProject section */
		51D47D302FF34C1A006D8E01 /* Project object */ = {
			isa = PBXProject;
			attributes = {
				BuildIndependentTargetsInParallel = 1;
				LastSwiftUpdateCheck = 2620;
				LastUpgradeCheck = 2620;
				TargetAttributes = {
					51D47D372FF34C1A006D8E01 = {
						CreatedOnToolsVersion = 26.2;
					};
				};
			};
			buildConfigurationList = 51D47D332FF34C1A006D8E01 /* Build configuration list for PBXProject "News" */;
			developmentRegion = en;
			hasScannedForEncodings = 0;
			knownRegions = (
				en,
				Base,
			);
			mainGroup = 51D47D2F2FF34C1A006D8E01;
			minimizedProjectReferenceProxies = 1;
			preferredProjectObjectVersion = 77;
			productRefGroup = 51D47D392FF34C1A006D8E01 /* Products */;
			projectDirPath = "";
			projectRoot = "";
			targets = (
				51D47D372FF34C1A006D8E01 /* News */,
			);
		};
/* End PBXProject section */

/* Begin PBXResourcesBuildPhase section */
		51D47D362FF34C1A006D8E01 /* Resources */ = {
			isa = PBXResourcesBuildPhase;
			buildActionMask = 2147483647;
			files = (
				51D47D4C2FF352CE006D8E01 /* Assets.xcassets in Resources */,
			);
			runOnlyForDeploymentPostprocessing = 0;
		};
/* End PBXResourcesBuildPhase section */

/* Begin PBXSourcesBuildPhase section */
		51D47D342FF34C1A006D8E01 /* Sources */ = {
			isa = PBXSourcesBuildPhase;
			buildActionMask = 2147483647;
			files = (
				5127C7972FF49B9400D1E662 /* Endpoint.swift in Sources */,
				5127C79F2FF4A12500D1E662 /* MockNewsService.swift in Sources */,
				515207FD2FFAD17100F960FB /* ArticleDetailViewModel.swift in Sources */,
				515207F12FF9E47500F960FB /* EmptyStateView.swift in Sources */,
				515207E82FF9CEF600F960FB /* ViewState.swift in Sources */,
				51D47D4D2FF352CE006D8E01 /* ContentView.swift in Sources */,
				5127C7932FF4925500D1E662 /* Article.swift in Sources */,
				515207E02FF748B500F960FB /* CacheManager.swift in Sources */,
				515208012FFAD19A00F960FB /* ArticleDetailView.swift in Sources */,
				5127C7912FF4915500D1E662 /* NewsError.swift in Sources */,
				515207EF2FF9E40300F960FB /* ErrorView.swift in Sources */,
				51D47D4E2FF352CE006D8E01 /* NewsApp.swift in Sources */,
				515207F82FFA95A900F960FB /* HeadlinesView.swift in Sources */,
				51D47D542FF36615006D8E01 /* Config.swift in Sources */,
				5127C79D2FF4A03900D1E662 /* LiveNewsService.swift in Sources */,
				5127C7952FF49B2200D1E662 /* NewsResponse.swift in Sources */,
				515207E22FF74DE300F960FB /* CachedArticle.swift in Sources */,
				515207EA2FF9DDE600F960FB /* LoadingState.swift in Sources */,
				515208042FFC6FDB00F960FB /* SearchViewModel.swift in Sources */,
				515208062FFC6FEB00F960FB /* SearchView.swift in Sources */,
				515207FA2FFAD12000F960FB /* BookmarkedArticle.swift in Sources */,
				515207ED2FF9E34600F960FB /* Date+Formatting.swift in Sources */,
				5127C7992FF49E7400D1E662 /* NetworkClient.swift in Sources */,
				515207F32FF9E71C00F960FB /* ArticleCardView.swift in Sources */,
				5127C79B2FF49FDF00D1E662 /* NewsServiceProtocol.swift in Sources */,
				515207F62FFA959B00F960FB /* HeadlinesViewModel.swift in Sources */,
				515207E52FF86F4C00F960FB /* NetworkMonitor.swift in Sources */,
			);
			runOnlyForDeploymentPostprocessing = 0;
		};
/* End PBXSourcesBuildPhase section */

/* Begin XCBuildConfiguration section */
		51D47D412FF34C1C006D8E01 /* Debug */ = {
			isa = XCBuildConfiguration;
			buildSettings = {
				ALWAYS_SEARCH_USER_PATHS = NO;
				ASSETCATALOG_COMPILER_GENERATE_SWIFT_ASSET_SYMBOL_EXTENSIONS = YES;
				CLANG_ANALYZER_NONNULL = YES;
				CLANG_ANALYZER_NUMBER_OBJECT_CONVERSION = YES_AGGRESSIVE;
				CLANG_CXX_LANGUAGE_STANDARD = "gnu++20";
				CLANG_ENABLE_MODULES = YES;
				CLANG_ENABLE_OBJC_ARC = YES;
				CLANG_ENABLE_OBJC_WEAK = YES;
				CLANG_WARN_BLOCK_CAPTURE_AUTORELEASING = YES;
				CLANG_WARN_BOOL_CONVERSION = YES;
				CLANG_WARN_COMMA = YES;
				CLANG_WARN_CONSTANT_CONVERSION = YES;
				CLANG_WARN_DEPRECATED_OBJC_IMPLEMENTATIONS = YES;
				CLANG_WARN_DIRECT_OBJC_ISA_USAGE = YES_ERROR;
				CLANG_WARN_DOCUMENTATION_COMMENTS = YES;
				CLANG_WARN_EMPTY_BODY = YES;
				CLANG_WARN_ENUM_CONVERSION = YES;
				CLANG_WARN_INFINITE_RECURSION = YES;
				CLANG_WARN_INT_CONVERSION = YES;
				CLANG_WARN_NON_LITERAL_NULL_CONVERSION = YES;
				CLANG_WARN_OBJC_IMPLICIT_RETAIN_SELF = YES;
				CLANG_WARN_OBJC_LITERAL_CONVERSION = YES;
				CLANG_WARN_OBJC_ROOT_CLASS = YES_ERROR;
				CLANG_WARN_QUOTED_INCLUDE_IN_FRAMEWORK_HEADER = YES;
				CLANG_WARN_RANGE_LOOP_ANALYSIS = YES;
				CLANG_WARN_STRICT_PROTOTYPES = YES;
				CLANG_WARN_SUSPICIOUS_MOVE = YES;
				CLANG_WARN_UNGUARDED_AVAILABILITY = YES_AGGRESSIVE;
				CLANG_WARN_UNREACHABLE_CODE = YES;
				CLANG_WARN__DUPLICATE_METHOD_MATCH = YES;
				COPY_PHASE_STRIP = NO;
				DEBUG_INFORMATION_FORMAT = dwarf;
				DEVELOPMENT_TEAM = ARY55MH724;
				ENABLE_STRICT_OBJC_MSGSEND = YES;
				ENABLE_TESTABILITY = YES;
				ENABLE_USER_SCRIPT_SANDBOXING = YES;
				GCC_C_LANGUAGE_STANDARD = gnu17;
				GCC_DYNAMIC_NO_PIC = NO;
				GCC_NO_COMMON_BLOCKS = YES;
				GCC_OPTIMIZATION_LEVEL = 0;
				GCC_PREPROCESSOR_DEFINITIONS = (
					"DEBUG=1",
					"$(inherited)",
				);
				GCC_WARN_64_TO_32_BIT_CONVERSION = YES;
				GCC_WARN_ABOUT_RETURN_TYPE = YES_ERROR;
				GCC_WARN_UNDECLARED_SELECTOR = YES;
				GCC_WARN_UNINITIALIZED_AUTOS = YES_AGGRESSIVE;
				GCC_WARN_UNUSED_FUNCTION = YES;
				GCC_WARN_UNUSED_VARIABLE = YES;
				IPHONEOS_DEPLOYMENT_TARGET = 26.2;
				LOCALIZATION_PREFERS_STRING_CATALOGS = YES;
				MTL_ENABLE_DEBUG_INFO = INCLUDE_SOURCE;
				MTL_FAST_MATH = YES;
				ONLY_ACTIVE_ARCH = YES;
				SDKROOT = iphoneos;
				SWIFT_ACTIVE_COMPILATION_CONDITIONS = "DEBUG $(inherited)";
				SWIFT_OPTIMIZATION_LEVEL = "-Onone";
			};
			name = Debug;
		};
		51D47D422FF34C1C006D8E01 /* Release */ = {
			isa = XCBuildConfiguration;
			buildSettings = {
				ALWAYS_SEARCH_USER_PATHS = NO;
				ASSETCATALOG_COMPILER_GENERATE_SWIFT_ASSET_SYMBOL_EXTENSIONS = YES;
				CLANG_ANALYZER_NONNULL = YES;
				CLANG_ANALYZER_NUMBER_OBJECT_CONVERSION = YES_AGGRESSIVE;
				CLANG_CXX_LANGUAGE_STANDARD = "gnu++20";
				CLANG_ENABLE_MODULES = YES;
				CLANG_ENABLE_OBJC_ARC = YES;
				CLANG_ENABLE_OBJC_WEAK = YES;
				CLANG_WARN_BLOCK_CAPTURE_AUTORELEASING = YES;
				CLANG_WARN_BOOL_CONVERSION = YES;
				CLANG_WARN_COMMA = YES;
				CLANG_WARN_CONSTANT_CONVERSION = YES;
				CLANG_WARN_DEPRECATED_OBJC_IMPLEMENTATIONS = YES;
				CLANG_WARN_DIRECT_OBJC_ISA_USAGE = YES_ERROR;
				CLANG_WARN_DOCUMENTATION_COMMENTS = YES;
				CLANG_WARN_EMPTY_BODY = YES;
				CLANG_WARN_ENUM_CONVERSION = YES;
				CLANG_WARN_INFINITE_RECURSION = YES;
				CLANG_WARN_INT_CONVERSION = YES;
				CLANG_WARN_NON_LITERAL_NULL_CONVERSION = YES;
				CLANG_WARN_OBJC_IMPLICIT_RETAIN_SELF = YES;
				CLANG_WARN_OBJC_LITERAL_CONVERSION = YES;
				CLANG_WARN_OBJC_ROOT_CLASS = YES_ERROR;
				CLANG_WARN_QUOTED_INCLUDE_IN_FRAMEWORK_HEADER = YES;
				CLANG_WARN_RANGE_LOOP_ANALYSIS = YES;
				CLANG_WARN_STRICT_PROTOTYPES = YES;
				CLANG_WARN_SUSPICIOUS_MOVE = YES;
				CLANG_WARN_UNGUARDED_AVAILABILITY = YES_AGGRESSIVE;
				CLANG_WARN_UNREACHABLE_CODE = YES;
				CLANG_WARN__DUPLICATE_METHOD_MATCH = YES;
				COPY_PHASE_STRIP = NO;
				DEBUG_INFORMATION_FORMAT = "dwarf-with-dsym";
				DEVELOPMENT_TEAM = ARY55MH724;
				ENABLE_NS_ASSERTIONS = NO;
				ENABLE_STRICT_OBJC_MSGSEND = YES;
				ENABLE_USER_SCRIPT_SANDBOXING = YES;
				GCC_C_LANGUAGE_STANDARD = gnu17;
				GCC_NO_COMMON_BLOCKS = YES;
				GCC_WARN_64_TO_32_BIT_CONVERSION = YES;
				GCC_WARN_ABOUT_RETURN_TYPE = YES_ERROR;
				GCC_WARN_UNDECLARED_SELECTOR = YES;
				GCC_WARN_UNINITIALIZED_AUTOS = YES_AGGRESSIVE;
				GCC_WARN_UNUSED_FUNCTION = YES;
				GCC_WARN_UNUSED_VARIABLE = YES;
				IPHONEOS_DEPLOYMENT_TARGET = 26.2;
				LOCALIZATION_PREFERS_STRING_CATALOGS = YES;
				MTL_ENABLE_DEBUG_INFO = NO;
				MTL_FAST_MATH = YES;
				SDKROOT = iphoneos;
				SWIFT_COMPILATION_MODE = wholemodule;
				VALIDATE_PRODUCT = YES;
			};
			name = Release;
		};
		51D47D442FF34C1C006D8E01 /* Debug */ = {
			isa = XCBuildConfiguration;
			buildSettings = {
				ASSETCATALOG_COMPILER_APPICON_NAME = AppIcon;
				ASSETCATALOG_COMPILER_GLOBAL_ACCENT_COLOR_NAME = AccentColor;
				CODE_SIGN_STYLE = Automatic;
				CURRENT_PROJECT_VERSION = 1;
				DEVELOPMENT_TEAM = ARY55MH724;
				ENABLE_PREVIEWS = YES;
				GENERATE_INFOPLIST_FILE = YES;
				INFOPLIST_KEY_CFBundleDisplayName = News;
				INFOPLIST_KEY_LSApplicationCategoryType = "public.app-category.news";
				INFOPLIST_KEY_UIApplicationSceneManifest_Generation = YES;
				INFOPLIST_KEY_UIApplicationSupportsIndirectInputEvents = YES;
				INFOPLIST_KEY_UILaunchScreen_Generation = YES;
				INFOPLIST_KEY_UISupportedInterfaceOrientations_iPad = "UIInterfaceOrientationPortrait UIInterfaceOrientationPortraitUpsideDown UIInterfaceOrientationLandscapeLeft UIInterfaceOrientationLandscapeRight";
				INFOPLIST_KEY_UISupportedInterfaceOrientations_iPhone = "UIInterfaceOrientationPortrait UIInterfaceOrientationLandscapeLeft UIInterfaceOrientationLandscapeRight";
				LD_RUNPATH_SEARCH_PATHS = (
					"$(inherited)",
					"@executable_path/Frameworks",
				);
				MARKETING_VERSION = 1.0;
				PRODUCT_BUNDLE_IDENTIFIER = com.pp.News;
				PRODUCT_NAME = "$(TARGET_NAME)";
				STRING_CATALOG_GENERATE_SYMBOLS = YES;
				SWIFT_APPROACHABLE_CONCURRENCY = YES;
				SWIFT_DEFAULT_ACTOR_ISOLATION = MainActor;
				SWIFT_EMIT_LOC_STRINGS = YES;
				SWIFT_UPCOMING_FEATURE_MEMBER_IMPORT_VISIBILITY = YES;
				SWIFT_VERSION = 5.0;
				TARGETED_DEVICE_FAMILY = "1,2";
			};
			name = Debug;
		};
		51D47D452FF34C1C006D8E01 /* Release */ = {
			isa = XCBuildConfiguration;
			buildSettings = {
				ASSETCATALOG_COMPILER_APPICON_NAME = AppIcon;
				ASSETCATALOG_COMPILER_GLOBAL_ACCENT_COLOR_NAME = AccentColor;
				CODE_SIGN_STYLE = Automatic;
				CURRENT_PROJECT_VERSION = 1;
				DEVELOPMENT_TEAM = ARY55MH724;
				ENABLE_PREVIEWS = YES;
				GENERATE_INFOPLIST_FILE = YES;
				INFOPLIST_KEY_CFBundleDisplayName = News;
				INFOPLIST_KEY_LSApplicationCategoryType = "public.app-category.news";
				INFOPLIST_KEY_UIApplicationSceneManifest_Generation = YES;
				INFOPLIST_KEY_UIApplicationSupportsIndirectInputEvents = YES;
				INFOPLIST_KEY_UILaunchScreen_Generation = YES;
				INFOPLIST_KEY_UISupportedInterfaceOrientations_iPad = "UIInterfaceOrientationPortrait UIInterfaceOrientationPortraitUpsideDown UIInterfaceOrientationLandscapeLeft UIInterfaceOrientationLandscapeRight";
				INFOPLIST_KEY_UISupportedInterfaceOrientations_iPhone = "UIInterfaceOrientationPortrait UIInterfaceOrientationLandscapeLeft UIInterfaceOrientationLandscapeRight";
				LD_RUNPATH_SEARCH_PATHS = (
					"$(inherited)",
					"@executable_path/Frameworks",
				);
				MARKETING_VERSION = 1.0;
				PRODUCT_BUNDLE_IDENTIFIER = com.pp.News;
				PRODUCT_NAME = "$(TARGET_NAME)";
				STRING_CATALOG_GENERATE_SYMBOLS = YES;
				SWIFT_APPROACHABLE_CONCURRENCY = YES;
				SWIFT_DEFAULT_ACTOR_ISOLATION = MainActor;
				SWIFT_EMIT_LOC_STRINGS = YES;
				SWIFT_UPCOMING_FEATURE_MEMBER_IMPORT_VISIBILITY = YES;
				SWIFT_VERSION = 5.0;
				TARGETED_DEVICE_FAMILY = "1,2";
			};
			name = Release;
		};
/* End XCBuildConfiguration section */

/* Begin XCConfigurationList section */
		51D47D332FF34C1A006D8E01 /* Build configuration list for PBXProject "News" */ = {
			isa = XCConfigurationList;
			buildConfigurations = (
				51D47D412FF34C1C006D8E01 /* Debug */,
				51D47D422FF34C1C006D8E01 /* Release */,
			);
			defaultConfigurationIsVisible = 0;
			defaultConfigurationName = Release;
		};
		51D47D432FF34C1C006D8E01 /* Build configuration list for PBXNativeTarget "News" */ = {
			isa = XCConfigurationList;
			buildConfigurations = (
				51D47D442FF34C1C006D8E01 /* Debug */,
				51D47D452FF34C1C006D8E01 /* Release */,
			);
			defaultConfigurationIsVisible = 0;
			defaultConfigurationName = Release;
		};
/* End XCConfigurationList section */
	};
	rootObject = 51D47D302FF34C1A006D8E01 /* Project object */;
}
